// !$*UTF8*$!
{
	archiveVersion = 1;
	classes = {
	};
	objectVersion = 77;
	objects = {

/* Begin PBXBuildFile section */
		3B0000000000000000000001 /* main.mm in Sources */ = {isa = PBXBuildFile; fileRef = 3B0000000000000000000101 /* main.mm */; };
		3B0000000000000000000002 /* ClipboardHistory.cpp in Sources */ = {isa = PBXBuildFile; fileRef = 3B0000000000000000000102 /* ClipboardHistory.cpp */; };
		3B0000000000000000000003 /* AppIcon.icns in Resources */ = {isa = PBXBuildFile; fileRef = 3B0000000000000000000105 /* AppIcon.icns */; };
		3B0000000000000000000004 /* logo.png in Resources */ = {isa = PBXBuildFile; fileRef = 3B0000000000000000000106 /* logo.png */; };
		3B0000000000000000000005 /* PrivacyInfo.xcprivacy in Resources */ = {isa = PBXBuildFile; fileRef = 3B0000000000000000000108 /* PrivacyInfo.xcprivacy */; };
/* End PBXBuildFile section */

/* Begin PBXFileReference section */
		3B0000000000000000000101 /* main.mm */ = {isa = PBXFileReference; lastKnownFileType = sourcecode.cpp.objcpp; path = main.mm; sourceTree = "<group>"; };
		3B0000000000000000000102 /* ClipboardHistory.cpp */ = {isa = PBXFileReference; lastKnownFileType = sourcecode.cpp.cpp; path = ClipboardHistory.cpp; sourceTree = "<group>"; };
		3B0000000000000000000103 /* ClipboardHistory.hpp */ = {isa = PBXFileReference; lastKnownFileType = sourcecode.cpp.h; path = ClipboardHistory.hpp; sourceTree = "<group>"; };
		3B0000000000000000000104 /* Info.plist */ = {isa = PBXFileReference; lastKnownFileType = text.plist.xml; path = Info.plist; sourceTree = "<group>"; };
		3B0000000000000000000105 /* AppIcon.icns */ = {isa = PBXFileReference; lastKnownFileType = image.icns; path = AppIcon.icns; sourceTree = "<group>"; };
		3B0000000000000000000106 /* logo.png */ = {isa = PBXFileReference; lastKnownFileType = image.png; path = logo.png; sourceTree = "<group>"; };
		3B0000000000000000000107 /* ClipboardGlass.entitlements */ = {isa = PBXFileReference; lastKnownFileType = text.plist.entitlements; path = ClipboardGlass.entitlements; sourceTree = "<group>"; };
		3B0000000000000000000108 /* PrivacyInfo.xcprivacy */ = {isa = PBXFileReference; lastKnownFileType = text.xml; path = PrivacyInfo.xcprivacy; sourceTree = "<group>"; };
		3B0000000000000000000200 /* Clipboard.app */ = {isa = PBXFileReference; explicitFileType = wrapper.application; includeInIndex = 0; path = Clipboard.app; sourceTree = BUILT_PRODUCTS_DIR; };
/* End PBXFileReference section */

/* Begin PBXFrameworksBuildPhase section */
		3B0000000000000000000301 /* Frameworks */ = {
			isa = PBXFrameworksBuildPhase;
			buildActionMask = 2147483647;
			files = (
			);
			runOnlyForDeploymentPostprocessing = 0;
		};
/* End PBXFrameworksBuildPhase section */

/* Begin PBXGroup section */
		3B0000000000000000000401 = {
			isa = PBXGroup;
			children = (
				3B0000000000000000000402 /* ClipboardGlassCpp */,
				3B0000000000000000000406 /* Products */,
			);
			sourceTree = "<group>";
		};
		3B0000000000000000000402 /* ClipboardGlassCpp */ = {
			isa = PBXGroup;
			children = (
				3B0000000000000000000403 /* Core */,
				3B0000000000000000000404 /* App */,
				3B0000000000000000000405 /* Resources */,
			);
			path = ClipboardGlassCpp;
			sourceTree = "<group>";
		};
		3B0000000000000000000403 /* Core */ = {
			isa = PBXGroup;
			children = (
				3B0000000000000000000103 /* ClipboardHistory.hpp */,
				3B0000000000000000000102 /* ClipboardHistory.cpp */,
			);
			path = Core;
			sourceTree = "<group>";
		};
		3B0000000000000000000404 /* App */ = {
			isa = PBXGroup;
			children = (
				3B0000000000000000000101 /* main.mm */,
			);
			path = App;
			sourceTree = "<group>";
		};
		3B0000000000000000000405 /* Resources */ = {
			isa = PBXGroup;
			children = (
				3B0000000000000000000104 /* Info.plist */,
				3B0000000000000000000107 /* ClipboardGlass.entitlements */,
				3B0000000000000000000108 /* PrivacyInfo.xcprivacy */,
				3B0000000000000000000105 /* AppIcon.icns */,
				3B0000000000000000000106 /* logo.png */,
			);
			path = Resources;
			sourceTree = "<group>";
		};
		3B0000000000000000000406 /* Products */ = {
			isa = PBXGroup;
			children = (
				3B0000000000000000000200 /* Clipboard.app */,
			);
			name = Products;
			sourceTree = "<group>";
		};
/* End PBXGroup section */

/* Begin PBXNativeTarget section */
		3B0000000000000000000501 /* Clipboard */ = {
			isa = PBXNativeTarget;
			buildConfigurationList = 3B0000000000000000000902 /* Build configuration list for PBXNativeTarget "Clipboard" */;
			buildPhases = (
				3B0000000000000000000302 /* Sources */,
				3B0000000000000000000301 /* Frameworks */,
				3B0000000000000000000303 /* Resources */,
			);
			buildRules = (
			);
			dependencies = (
			);
			name = "Clipboard";
			productName = "Clipboard";
			productReference = 3B0000000000000000000200 /* Clipboard.app */;
			productType = "com.apple.product-type.application";
		};
/* End PBXNativeTarget section */

/* Begin PBXProject section */
		3B0000000000000000000601 /* Project object */ = {
			isa = PBXProject;
			attributes = {
				BuildIndependentTargetsInParallel = 1;
				LastUpgradeCheck = 2650;
				TargetAttributes = {
					3B0000000000000000000501 = {
						CreatedOnToolsVersion = 26.5;
					};
				};
			};
			buildConfigurationList = 3B0000000000000000000901 /* Build configuration list for PBXProject "ClipboardGlassCpp" */;
			developmentRegion = en;
			hasScannedForEncodings = 0;
			knownRegions = (
				en,
				Base,
			);
			mainGroup = 3B0000000000000000000401;
			minimizedProjectReferenceProxies = 1;
			preferredProjectObjectVersion = 77;
			productRefGroup = 3B0000000000000000000406 /* Products */;
			projectDirPath = "";
			projectRoot = "";
			targets = (
				3B0000000000000000000501 /* Clipboard */,
			);
		};
/* End PBXProject section */

/* Begin PBXResourcesBuildPhase section */
		3B0000000000000000000303 /* Resources */ = {
			isa = PBXResourcesBuildPhase;
			buildActionMask = 2147483647;
			files = (
				3B0000000000000000000003 /* AppIcon.icns in Resources */,
				3B0000000000000000000004 /* logo.png in Resources */,
				3B0000000000000000000005 /* PrivacyInfo.xcprivacy in Resources */,
			);
			runOnlyForDeploymentPostprocessing = 0;
		};
/* End PBXResourcesBuildPhase section */

/* Begin PBXSourcesBuildPhase section */
		3B0000000000000000000302 /* Sources */ = {
			isa = PBXSourcesBuildPhase;
			buildActionMask = 2147483647;
			files = (
				3B0000000000000000000001 /* main.mm in Sources */,
				3B0000000000000000000002 /* ClipboardHistory.cpp in Sources */,
			);
			runOnlyForDeploymentPostprocessing = 0;
		};
/* End PBXSourcesBuildPhase section */

/* Begin XCBuildConfiguration section */
		3B0000000000000000000801 /* Debug */ = {
			isa = XCBuildConfiguration;
			buildSettings = {
				ALWAYS_SEARCH_USER_PATHS = NO;
				CLANG_ANALYZER_NONNULL = YES;
				CLANG_CXX_LANGUAGE_STANDARD = "gnu++20";
				CLANG_CXX_LIBRARY = "libc++";
				CLANG_ENABLE_MODULES = YES;
				CLANG_ENABLE_OBJC_ARC = YES;
				CLANG_WARN_BLOCK_CAPTURE_AUTORELEASING = YES;
				CLANG_WARN_BOOL_CONVERSION = YES;
				CLANG_WARN_CONSTANT_CONVERSION = YES;
				CLANG_WARN_DEPRECATED_OBJC_IMPLEMENTATIONS = YES;
				CLANG_WARN_DIRECT_OBJC_ISA_USAGE = YES_ERROR;
				CLANG_WARN_EMPTY_BODY = YES;
				CLANG_WARN_ENUM_CONVERSION = YES;
				CLANG_WARN_INFINITE_RECURSION = YES;
				CLANG_WARN_INT_CONVERSION = YES;
				CLANG_WARN_OBJC_ROOT_CLASS = YES_ERROR;
				CLANG_WARN_UNREACHABLE_CODE = YES;
				CODE_SIGN_IDENTITY = "-";
				COPY_PHASE_STRIP = NO;
				DEBUG_INFORMATION_FORMAT = dwarf;
				ENABLE_STRICT_OBJC_MSGSEND = YES;
				ENABLE_TESTABILITY = YES;
				GCC_C_LANGUAGE_STANDARD = gnu17;
				GCC_DYNAMIC_NO_PIC = NO;
				GCC_NO_COMMON_BLOCKS = YES;
				GCC_OPTIMIZATION_LEVEL = 0;
				GCC_PREPROCESSOR_DEFINITIONS = (
					"DEBUG=1",
					"$(inherited)",
				);
				GCC_WARN_64_TO_32_BIT_CONVERSION = YES;
				GCC_WARN_ABOUT_RETURN_TYPE = YES_ERROR;
				GCC_WARN_UNDECLARED_SELECTOR = YES;
				GCC_WARN_UNINITIALIZED_AUTOS = YES_AGGRESSIVE;
				GCC_WARN_UNUSED_FUNCTION = YES;
				GCC_WARN_UNUSED_VARIABLE = YES;
				MACOSX_DEPLOYMENT_TARGET = 15.0;
				ONLY_ACTIVE_ARCH = YES;
				SDKROOT = macosx;
			};
			name = Debug;
		};
		3B0000000000000000000802 /* Release */ = {
			isa = XCBuildConfiguration;
			buildSettings = {
				ALWAYS_SEARCH_USER_PATHS = NO;
				CLANG_ANALYZER_NONNULL = YES;
				CLANG_CXX_LANGUAGE_STANDARD = "gnu++20";
				CLANG_CXX_LIBRARY = "libc++";
				CLANG_ENABLE_MODULES = YES;
				CLANG_ENABLE_OBJC_ARC = YES;
				CLANG_WARN_BOOL_CONVERSION = YES;
				CLANG_WARN_CONSTANT_CONVERSION = YES;
				CLANG_WARN_DEPRECATED_OBJC_IMPLEMENTATIONS = YES;
				CLANG_WARN_DIRECT_OBJC_ISA_USAGE = YES_ERROR;
				CLANG_WARN_EMPTY_BODY = YES;
				CLANG_WARN_ENUM_CONVERSION = YES;
				CLANG_WARN_INFINITE_RECURSION = YES;
				CLANG_WARN_INT_CONVERSION = YES;
				CLANG_WARN_OBJC_ROOT_CLASS = YES_ERROR;
				CLANG_WARN_UNREACHABLE_CODE = YES;
				CODE_SIGN_IDENTITY = "-";
				COPY_PHASE_STRIP = NO;
				DEBUG_INFORMATION_FORMAT = "dwarf-with-dsym";
				ENABLE_NS_ASSERTIONS = NO;
				ENABLE_STRICT_OBJC_MSGSEND = YES;
				GCC_C_LANGUAGE_STANDARD = gnu17;
				GCC_NO_COMMON_BLOCKS = YES;
				GCC_WARN_64_TO_32_BIT_CONVERSION = YES;
				GCC_WARN_ABOUT_RETURN_TYPE = YES_ERROR;
				GCC_WARN_UNDECLARED_SELECTOR = YES;
				GCC_WARN_UNINITIALIZED_AUTOS = YES_AGGRESSIVE;
				GCC_WARN_UNUSED_FUNCTION = YES;
				GCC_WARN_UNUSED_VARIABLE = YES;
				MACOSX_DEPLOYMENT_TARGET = 15.0;
				SDKROOT = macosx;
			};
			name = Release;
		};
		3B0000000000000000000803 /* Debug */ = {
			isa = XCBuildConfiguration;
			buildSettings = {
				CLANG_ENABLE_OBJC_ARC = YES;
				CODE_SIGN_ENTITLEMENTS = ClipboardGlassCpp/Resources/ClipboardGlass.entitlements;
				CODE_SIGN_STYLE = Automatic;
				COMBINE_HIDPI_IMAGES = YES;
				CURRENT_PROJECT_VERSION = 1;
				DEVELOPMENT_TEAM = "";
				GENERATE_INFOPLIST_FILE = NO;
				INFOPLIST_FILE = ClipboardGlassCpp/Resources/Info.plist;
				LD_RUNPATH_SEARCH_PATHS = (
					"$(inherited)",
					"@executable_path/../Frameworks",
				);
				MACOSX_DEPLOYMENT_TARGET = 15.0;
				MARKETING_VERSION = 1.0;
				OTHER_LDFLAGS = (
					"-framework",
					AppKit,
					"-framework",
					Carbon,
				);
				PRODUCT_BUNDLE_IDENTIFIER = com.sava.Clipboard;
				PRODUCT_NAME = Clipboard;
			};
			name = Debug;
		};
		3B0000000000000000000804 /* Release */ = {
			isa = XCBuildConfiguration;
			buildSettings = {
				CLANG_ENABLE_OBJC_ARC = YES;
				CODE_SIGN_ENTITLEMENTS = ClipboardGlassCpp/Resources/ClipboardGlass.entitlements;
				CODE_SIGN_IDENTITY = "Apple Distribution";
				CODE_SIGN_STYLE = Automatic;
				COMBINE_HIDPI_IMAGES = YES;
				CURRENT_PROJECT_VERSION = 1;
				DEVELOPMENT_TEAM = "";
				GENERATE_INFOPLIST_FILE = NO;
				INFOPLIST_FILE = ClipboardGlassCpp/Resources/Info.plist;
				LD_RUNPATH_SEARCH_PATHS = (
					"$(inherited)",
					"@executable_path/../Frameworks",
				);
				MACOSX_DEPLOYMENT_TARGET = 15.0;
				MARKETING_VERSION = 1.0;
				OTHER_LDFLAGS = (
					"-framework",
					AppKit,
					"-framework",
					Carbon,
				);
				PRODUCT_BUNDLE_IDENTIFIER = com.sava.Clipboard;
				PRODUCT_NAME = Clipboard;
			};
			name = Release;
		};
/* End XCBuildConfiguration section */

/* Begin XCConfigurationList section */
		3B0000000000000000000901 /* Build configuration list for PBXProject "ClipboardGlassCpp" */ = {
			isa = XCConfigurationList;
			buildConfigurations = (
				3B0000000000000000000801 /* Debug */,
				3B0000000000000000000802 /* Release */,
			);
			defaultConfigurationIsVisible = 0;
			defaultConfigurationName = Release;
		};
		3B0000000000000000000902 /* Build configuration list for PBXNativeTarget "Clipboard" */ = {
			isa = XCConfigurationList;
			buildConfigurations = (
				3B0000000000000000000803 /* Debug */,
				3B0000000000000000000804 /* Release */,
			);
			defaultConfigurationIsVisible = 0;
			defaultConfigurationName = Release;
		};
/* End XCConfigurationList section */
	};
	rootObject = 3B0000000000000000000601 /* Project object */;
}
